// !$*UTF8*$!
{
	archiveVersion = 1;
	classes = {
	};
	objectVersion = 77;
	objects = {

/* Begin PBXBuildFile section */
		CC90F8932FE1FA4C00200DB8 /* Supabase in Frameworks */ = {isa = PBXBuildFile; productRef = CC90F8922FE1FA4C00200DB8 /* Supabase */; };
/* End PBXBuildFile section */

/* Begin PBXContainerItemProxy section */
		CC90F7ED2FE1F6BA00200DB8 /* PBXContainerItemProxy */ = {
			isa = PBXContainerItemProxy;
			containerPortal = CC90F7D72FE1F6B900200DB8 /* Project object */;
			proxyType = 1;
			remoteGlobalIDString = CC90F7DE2FE1F6B900200DB8;
			remoteInfo = "Amparo-App";
		};
		CC90F7F72FE1F6BA00200DB8 /* PBXContainerItemProxy */ = {
			isa = PBXContainerItemProxy;
			containerPortal = CC90F7D72FE1F6B900200DB8 /* Project object */;
			proxyType = 1;
			remoteGlobalIDString = CC90F7DE2FE1F6B900200DB8;
			remoteInfo = "Amparo-App";
		};
/* End PBXContainerItemProxy section */

/* Begin PBXFileReference section */
		CC90F7DF2FE1F6B900200DB8 /* Amparo-App.app */ = {isa = PBXFileReference; explicitFileType = wrapper.application; includeInIndex = 0; path = "Amparo-App.app"; sourceTree = BUILT_PRODUCTS_DIR; };
		CC90F7EC2FE1F6BA00200DB8 /* Amparo-AppTests.xctest */ = {isa = PBXFileReference; explicitFileType = wrapper.cfbundle; includeInIndex = 0; path = "Amparo-AppTests.xctest"; sourceTree = BUILT_PRODUCTS_DIR; };
		CC90F7F62FE1F6BA00200DB8 /* Amparo-AppUITests.xctest */ = {isa = PBXFileReference; explicitFileType = wrapper.cfbundle; includeInIndex = 0; path = "Amparo-AppUITests.xctest"; sourceTree = BUILT_PRODUCTS_DIR; };
/* End PBXFileReference section */

/* Begin PBXFileSystemSynchronizedRootGroup section */
		CC90F7E12FE1F6B900200DB8 /* Amparo-App */ = {
			isa = PBXFileSystemSynchronizedRootGroup;
			path = "Amparo-App";
			sourceTree = "<group>";
		};
		CC90F7EF2FE1F6BA00200DB8 /* Amparo-AppTests */ = {
			isa = PBXFileSystemSynchronizedRootGroup;
			path = "Amparo-AppTests";
			sourceTree = "<group>";
		};
		CC90F7F92FE1F6BA00200DB8 /* Amparo-AppUITests */ = {
			isa = PBXFileSystemSynchronizedRootGroup;
			path = "Amparo-AppUITests";
			sourceTree = "<group>";
		};
/* End PBXFileSystemSynchronizedRootGroup section */

/* Begin PBXFrameworksBuildPhase section */
		CC90F7DC2FE1F6B900200DB8 /* Frameworks */ = {
			isa = PBXFrameworksBuildPhase;
			buildActionMask = 2147483647;
			files = (
				CC90F8932FE1FA4C00200DB8 /* Supabase in Frameworks */,
			);
			runOnlyForDeploymentPostprocessing = 0;
		};
		CC90F7E92FE1F6BA00200DB8 /* Frameworks */ = {
			isa = PBXFrameworksBuildPhase;
			buildActionMask = 2147483647;
			files = (
			);
			runOnlyForDeploymentPostprocessing = 0;
		};
		CC90F7F32FE1F6BA00200DB8 /* Frameworks */ = {
			isa = PBXFrameworksBuildPhase;
			buildActionMask = 2147483647;
			files = (
			);
			runOnlyForDeploymentPostprocessing = 0;
		};
/* End PBXFrameworksBuildPhase section */

/* Begin PBXGroup section */
		CC90F7D62FE1F6B900200DB8 = {
			isa = PBXGroup;
			children = (
				CC90F7E12FE1F6B900200DB8 /* Amparo-App */,
				CC90F7EF2FE1F6BA00200DB8 /* Amparo-AppTests */,
				CC90F7F92FE1F6BA00200DB8 /* Amparo-AppUITests */,
				CC90F7E02FE1F6B900200DB8 /* Products */,
			);
			sourceTree = "<group>";
		};
		CC90F7E02FE1F6B900200DB8 /* Products */ = {
			isa = PBXGroup;
			children = (
				CC90F7DF2FE1F6B900200DB8 /* Amparo-App.app */,
				CC90F7EC2FE1F6BA00200DB8 /* Amparo-AppTests.xctest */,
				CC90F7F62FE1F6BA00200DB8 /* Amparo-AppUITests.xctest */,
			);
			name = Products;
			sourceTree = "<group>";
		};
/* End PBXGroup section */

/* Begin PBXNativeTarget section */
		CC90F7DE2FE1F6B900200DB8 /* Amparo-App */ = {
			isa = PBXNativeTarget;
			buildConfigurationList = CC90F8002FE1F6BA00200DB8 /* Build configuration list for PBXNativeTarget "Amparo-App" */;
			buildPhases = (
				CC90F7DB2FE1F6B900200DB8 /* Sources */,
				CC90F7DC2FE1F6B900200DB8 /* Frameworks */,
				CC90F7DD2FE1F6B900200DB8 /* Resources */,
			);
			buildRules = (
			);
			dependencies = (
			);
			fileSystemSynchronizedGroups = (
				CC90F7E12FE1F6B900200DB8 /* Amparo-App */,
			);
			name = "Amparo-App";
			packageProductDependencies = (
				CC90F8922FE1FA4C00200DB8 /* Supabase */,
			);
			productName = "Amparo-App";
			productReference = CC90F7DF2FE1F6B900200DB8 /* Amparo-App.app */;
			productType = "com.apple.product-type.application";
		};
		CC90F7EB2FE1F6BA00200DB8 /* Amparo-AppTests */ = {
			isa = PBXNativeTarget;
			buildConfigurationList = CC90F8032FE1F6BA00200DB8 /* Build configuration list for PBXNativeTarget "Amparo-AppTests" */;
			buildPhases = (
				CC90F7E82FE1F6BA00200DB8 /* Sources */,
				CC90F7E92FE1F6BA00200DB8 /* Frameworks */,
				CC90F7EA2FE1F6BA00200DB8 /* Resources */,
			);
			buildRules = (
			);
			dependencies = (
				CC90F7EE2FE1F6BA00200DB8 /* PBXTargetDependency */,
			);
			fileSystemSynchronizedGroups = (
				CC90F7EF2FE1F6BA00200DB8 /* Amparo-AppTests */,
			);
			name = "Amparo-AppTests";
			packageProductDependencies = (
			);
			productName = "Amparo-AppTests";
			productReference = CC90F7EC2FE1F6BA00200DB8 /* Amparo-AppTests.xctest */;
			productType = "com.apple.product-type.bundle.unit-test";
		};
		CC90F7F52FE1F6BA00200DB8 /* Amparo-AppUITests */ = {
			isa = PBXNativeTarget;
			buildConfigurationList = CC90F8062FE1F6BA00200DB8 /* Build configuration list for PBXNativeTarget "Amparo-AppUITests" */;
			buildPhases = (
				CC90F7F22FE1F6BA00200DB8 /* Sources */,
				CC90F7F32FE1F6BA00200DB8 /* Frameworks */,
				CC90F7F42FE1F6BA00200DB8 /* Resources */,
			);
			buildRules = (
			);
			dependencies = (
				CC90F7F82FE1F6BA00200DB8 /* PBXTargetDependency */,
			);
			fileSystemSynchronizedGroups = (
				CC90F7F92FE1F6BA00200DB8 /* Amparo-AppUITests */,
			);
			name = "Amparo-AppUITests";
			packageProductDependencies = (
			);
			productName = "Amparo-AppUITests";
			productReference = CC90F7F62FE1F6BA00200DB8 /* Amparo-AppUITests.xctest */;
			productType = "com.apple.product-type.bundle.ui-testing";
		};
/* End PBXNativeTarget section */

/* Begin PBXProject section */
		CC90F7D72FE1F6B900200DB8 /* Project object */ = {
			isa = PBXProject;
			attributes = {
				BuildIndependentTargetsInParallel = 1;
				LastSwiftUpdateCheck = 2630;
				LastUpgradeCheck = 2630;
				TargetAttributes = {
					CC90F7DE2FE1F6B900200DB8 = {
						CreatedOnToolsVersion = 26.3;
					};
					CC90F7EB2FE1F6BA00200DB8 = {
						CreatedOnToolsVersion = 26.3;
						TestTargetID = CC90F7DE2FE1F6B900200DB8;
					};
					CC90F7F52FE1F6BA00200DB8 = {
						CreatedOnToolsVersion = 26.3;
						TestTargetID = CC90F7DE2FE1F6B900200DB8;
					};
				};
			};
			buildConfigurationList = CC90F7DA2FE1F6B900200DB8 /* Build configuration list for PBXProject "Amparo-App" */;
			developmentRegion = en;
			hasScannedForEncodings = 0;
			knownRegions = (
				en,
				Base,
			);
			mainGroup = CC90F7D62FE1F6B900200DB8;
			minimizedProjectReferenceProxies = 1;
			packageReferences = (
				CC90F8912FE1FA4C00200DB8 /* XCRemoteSwiftPackageReference "supabase-swift" */,
			);
			preferredProjectObjectVersion = 77;
			productRefGroup = CC90F7E02FE1F6B900200DB8 /* Products */;
			projectDirPath = "";
			projectRoot = "";
			targets = (
				CC90F7DE2FE1F6B900200DB8 /* Amparo-App */,
				CC90F7EB2FE1F6BA00200DB8 /* Amparo-AppTests */,
				CC90F7F52FE1F6BA00200DB8 /* Amparo-AppUITests */,
			);
		};
/* End PBXProject section */

/* Begin PBXResourcesBuildPhase section */
		CC90F7DD2FE1F6B900200DB8 /* Resources */ = {
			isa = PBXResourcesBuildPhase;
			buildActionMask = 2147483647;
			files = (
			);
			runOnlyForDeploymentPostprocessing = 0;
		};
		CC90F7EA2FE1F6BA00200DB8 /* Resources */ = {
			isa = PBXResourcesBuildPhase;
			buildActionMask = 2147483647;
			files = (
			);
			runOnlyForDeploymentPostprocessing = 0;
		};
		CC90F7F42FE1F6BA00200DB8 /* Resources */ = {
			isa = PBXResourcesBuildPhase;
			buildActionMask = 2147483647;
			files = (
			);
			runOnlyForDeploymentPostprocessing = 0;
		};
/* End PBXResourcesBuildPhase section */

/* Begin PBXSourcesBuildPhase section */
		CC90F7DB2FE1F6B900200DB8 /* Sources */ = {
			isa = PBXSourcesBuildPhase;
			buildActionMask = 2147483647;
			files = (
			);
			runOnlyForDeploymentPostprocessing = 0;
		};
		CC90F7E82FE1F6BA00200DB8 /* Sources */ = {
			isa = PBXSourcesBuildPhase;
			buildActionMask = 2147483647;
			files = (
			);
			runOnlyForDeploymentPostprocessing = 0;
		};
		CC90F7F22FE1F6BA00200DB8 /* Sources */ = {
			isa = PBXSourcesBuildPhase;
			buildActionMask = 2147483647;
			files = (
			);
			runOnlyForDeploymentPostprocessing = 0;
		};
/* End PBXSourcesBuildPhase section */

/* Begin PBXTargetDependency section */
		CC90F7EE2FE1F6BA00200DB8 /* PBXTargetDependency */ = {
			isa = PBXTargetDependency;
			target = CC90F7DE2FE1F6B900200DB8 /* Amparo-App */;
			targetProxy = CC90F7ED2FE1F6BA00200DB8 /* PBXContainerItemProxy */;
		};
		CC90F7F82FE1F6BA00200DB8 /* PBXTargetDependency */ = {
			isa = PBXTargetDependency;
			target = CC90F7DE2FE1F6B900200DB8 /* Amparo-App */;
			targetProxy = CC90F7F72FE1F6BA00200DB8 /* PBXContainerItemProxy */;
		};
/* End PBXTargetDependency section */

/* Begin XCBuildConfiguration section */
		CC90F7FE2FE1F6BA00200DB8 /* Debug */ = {
			isa = XCBuildConfiguration;
			buildSettings = {
				ALWAYS_SEARCH_USER_PATHS = NO;
				ASSETCATALOG_COMPILER_GENERATE_SWIFT_ASSET_SYMBOL_EXTENSIONS = YES;
				CLANG_ANALYZER_NONNULL = YES;
				CLANG_ANALYZER_NUMBER_OBJECT_CONVERSION = YES_AGGRESSIVE;
				CLANG_CXX_LANGUAGE_STANDARD = "gnu++20";
				CLANG_ENABLE_MODULES = YES;
				CLANG_ENABLE_OBJC_ARC = YES;
				CLANG_ENABLE_OBJC_WEAK = YES;
				CLANG_WARN_BLOCK_CAPTURE_AUTORELEASING = YES;
				CLANG_WARN_BOOL_CONVERSION = YES;
				CLANG_WARN_COMMA = YES;
				CLANG_WARN_CONSTANT_CONVERSION = YES;
				CLANG_WARN_DEPRECATED_OBJC_IMPLEMENTATIONS = YES;
				CLANG_WARN_DIRECT_OBJC_ISA_USAGE = YES_ERROR;
				CLANG_WARN_DOCUMENTATION_COMMENTS = YES;
				CLANG_WARN_EMPTY_BODY = YES;
				CLANG_WARN_ENUM_CONVERSION = YES;
				CLANG_WARN_INFINITE_RECURSION = YES;
				CLANG_WARN_INT_CONVERSION = YES;
				CLANG_WARN_NON_LITERAL_NULL_CONVERSION = YES;
				CLANG_WARN_OBJC_IMPLICIT_RETAIN_SELF = YES;
				CLANG_WARN_OBJC_LITERAL_CONVERSION = YES;
				CLANG_WARN_OBJC_ROOT_CLASS = YES_ERROR;
				CLANG_WARN_QUOTED_INCLUDE_IN_FRAMEWORK_HEADER = YES;
				CLANG_WARN_RANGE_LOOP_ANALYSIS = YES;
				CLANG_WARN_STRICT_PROTOTYPES = YES;
				CLANG_WARN_SUSPICIOUS_MOVE = YES;
				CLANG_WARN_UNGUARDED_AVAILABILITY = YES_AGGRESSIVE;
				CLANG_WARN_UNREACHABLE_CODE = YES;
				CLANG_WARN__DUPLICATE_METHOD_MATCH = YES;
				COPY_PHASE_STRIP = NO;
				DEBUG_INFORMATION_FORMAT = dwarf;
				DEVELOPMENT_TEAM = 2XBHGB4LG5;
				ENABLE_STRICT_OBJC_MSGSEND = YES;
				ENABLE_TESTABILITY = YES;
				ENABLE_USER_SCRIPT_SANDBOXING = YES;
				GCC_C_LANGUAGE_STANDARD = gnu17;
				GCC_DYNAMIC_NO_PIC = NO;
				GCC_NO_COMMON_BLOCKS = YES;
				GCC_OPTIMIZATION_LEVEL = 0;
				GCC_PREPROCESSOR_DEFINITIONS = (
					"DEBUG=1",
					"$(inherited)",
				);
				GCC_WARN_64_TO_32_BIT_CONVERSION = YES;
				GCC_WARN_ABOUT_RETURN_TYPE = YES_ERROR;
				GCC_WARN_UNDECLARED_SELECTOR = YES;
				GCC_WARN_UNINITIALIZED_AUTOS = YES_AGGRESSIVE;
				GCC_WARN_UNUSED_FUNCTION = YES;
				GCC_WARN_UNUSED_VARIABLE = YES;
				IPHONEOS_DEPLOYMENT_TARGET = 26.2;
				LOCALIZATION_PREFERS_STRING_CATALOGS = YES;
				MTL_ENABLE_DEBUG_INFO = INCLUDE_SOURCE;
				MTL_FAST_MATH = YES;
				ONLY_ACTIVE_ARCH = YES;
				SDKROOT = iphoneos;
				SWIFT_ACTIVE_COMPILATION_CONDITIONS = "DEBUG $(inherited)";
				SWIFT_OPTIMIZATION_LEVEL = "-Onone";
			};
			name = Debug;
		};
		CC90F7FF2FE1F6BA00200DB8 /* Release */ = {
			isa = XCBuildConfiguration;
			buildSettings = {
				ALWAYS_SEARCH_USER_PATHS = NO;
				ASSETCATALOG_COMPILER_GENERATE_SWIFT_ASSET_SYMBOL_EXTENSIONS = YES;
				CLANG_ANALYZER_NONNULL = YES;
				CLANG_ANALYZER_NUMBER_OBJECT_CONVERSION = YES_AGGRESSIVE;
				CLANG_CXX_LANGUAGE_STANDARD = "gnu++20";
				CLANG_ENABLE_MODULES = YES;
				CLANG_ENABLE_OBJC_ARC = YES;
				CLANG_ENABLE_OBJC_WEAK = YES;
				CLANG_WARN_BLOCK_CAPTURE_AUTORELEASING = YES;
				CLANG_WARN_BOOL_CONVERSION = YES;
				CLANG_WARN_COMMA = YES;
				CLANG_WARN_CONSTANT_CONVERSION = YES;
				CLANG_WARN_DEPRECATED_OBJC_IMPLEMENTATIONS = YES;
				CLANG_WARN_DIRECT_OBJC_ISA_USAGE = YES_ERROR;
				CLANG_WARN_DOCUMENTATION_COMMENTS = YES;
				CLANG_WARN_EMPTY_BODY = YES;
				CLANG_WARN_ENUM_CONVERSION = YES;
				CLANG_WARN_INFINITE_RECURSION = YES;
				CLANG_WARN_INT_CONVERSION = YES;
				CLANG_WARN_NON_LITERAL_NULL_CONVERSION = YES;
				CLANG_WARN_OBJC_IMPLICIT_RETAIN_SELF = YES;
				CLANG_WARN_OBJC_LITERAL_CONVERSION = YES;
				CLANG_WARN_OBJC_ROOT_CLASS = YES_ERROR;
				CLANG_WARN_QUOTED_INCLUDE_IN_FRAMEWORK_HEADER = YES;
				CLANG_WARN_RANGE_LOOP_ANALYSIS = YES;
				CLANG_WARN_STRICT_PROTOTYPES = YES;
				CLANG_WARN_SUSPICIOUS_MOVE = YES;
				CLANG_WARN_UNGUARDED_AVAILABILITY = YES_AGGRESSIVE;
				CLANG_WARN_UNREACHABLE_CODE = YES;
				CLANG_WARN__DUPLICATE_METHOD_MATCH = YES;
				COPY_PHASE_STRIP = NO;
				DEBUG_INFORMATION_FORMAT = "dwarf-with-dsym";
				DEVELOPMENT_TEAM = 2XBHGB4LG5;
				ENABLE_NS_ASSERTIONS = NO;
				ENABLE_STRICT_OBJC_MSGSEND = YES;
				ENABLE_USER_SCRIPT_SANDBOXING = YES;
				GCC_C_LANGUAGE_STANDARD = gnu17;
				GCC_NO_COMMON_BLOCKS = YES;
				GCC_WARN_64_TO_32_BIT_CONVERSION = YES;
				GCC_WARN_ABOUT_RETURN_TYPE = YES_ERROR;
				GCC_WARN_UNDECLARED_SELECTOR = YES;
				GCC_WARN_UNINITIALIZED_AUTOS = YES_AGGRESSIVE;
				GCC_WARN_UNUSED_FUNCTION = YES;
				GCC_WARN_UNUSED_VARIABLE = YES;
				IPHONEOS_DEPLOYMENT_TARGET = 26.2;
				LOCALIZATION_PREFERS_STRING_CATALOGS = YES;
				MTL_ENABLE_DEBUG_INFO = NO;
				MTL_FAST_MATH = YES;
				SDKROOT = iphoneos;
				SWIFT_COMPILATION_MODE = wholemodule;
				VALIDATE_PRODUCT = YES;
			};
			name = Release;
		};
		CC90F8012FE1F6BA00200DB8 /* Debug */ = {
			isa = XCBuildConfiguration;
			buildSettings = {
				ASSETCATALOG_COMPILER_APPICON_NAME = AppIcon;
				ASSETCATALOG_COMPILER_GLOBAL_ACCENT_COLOR_NAME = AccentColor;
				CODE_SIGN_STYLE = Automatic;
				CURRENT_PROJECT_VERSION = 1;
				DEVELOPMENT_TEAM = 8YAD22YX6D;
				ENABLE_PREVIEWS = YES;
				GENERATE_INFOPLIST_FILE = YES;
				INFOPLIST_KEY_UIApplicationSceneManifest_Generation = YES;
				INFOPLIST_KEY_UIApplicationSupportsIndirectInputEvents = YES;
				INFOPLIST_KEY_UILaunchScreen_Generation = YES;
				INFOPLIST_KEY_UISupportedInterfaceOrientations_iPad = "UIInterfaceOrientationPortrait UIInterfaceOrientationPortraitUpsideDown UIInterfaceOrientationLandscapeLeft UIInterfaceOrientationLandscapeRight";
				INFOPLIST_KEY_UISupportedInterfaceOrientations_iPhone = "UIInterfaceOrientationPortrait UIInterfaceOrientationLandscapeLeft UIInterfaceOrientationLandscapeRight";
				LD_RUNPATH_SEARCH_PATHS = (
					"$(inherited)",
					"@executable_path/Frameworks",
				);
				MARKETING_VERSION = 1.0;
				PRODUCT_BUNDLE_IDENTIFIER = "br.com.filipi.Amparo-App";
				PRODUCT_NAME = "$(TARGET_NAME)";
				STRING_CATALOG_GENERATE_SYMBOLS = YES;
				SWIFT_APPROACHABLE_CONCURRENCY = YES;
				SWIFT_DEFAULT_ACTOR_ISOLATION = MainActor;
				SWIFT_EMIT_LOC_STRINGS = YES;
				SWIFT_UPCOMING_FEATURE_MEMBER_IMPORT_VISIBILITY = YES;
				SWIFT_VERSION = 5.0;
				TARGETED_DEVICE_FAMILY = "1,2";
			};
			name = Debug;
		};
		CC90F8022FE1F6BA00200DB8 /* Release */ = {
			isa = XCBuildConfiguration;
			buildSettings = {
				ASSETCATALOG_COMPILER_APPICON_NAME = AppIcon;
				ASSETCATALOG_COMPILER_GLOBAL_ACCENT_COLOR_NAME = AccentColor;
				CODE_SIGN_STYLE = Automatic;
				CURRENT_PROJECT_VERSION = 1;
				DEVELOPMENT_TEAM = 8YAD22YX6D;
				ENABLE_PREVIEWS = YES;
				GENERATE_INFOPLIST_FILE = YES;
				INFOPLIST_KEY_UIApplicationSceneManifest_Generation = YES;
				INFOPLIST_KEY_UIApplicationSupportsIndirectInputEvents = YES;
				INFOPLIST_KEY_UILaunchScreen_Generation = YES;
				INFOPLIST_KEY_UISupportedInterfaceOrientations_iPad = "UIInterfaceOrientationPortrait UIInterfaceOrientationPortraitUpsideDown UIInterfaceOrientationLandscapeLeft UIInterfaceOrientationLandscapeRight";
				INFOPLIST_KEY_UISupportedInterfaceOrientations_iPhone = "UIInterfaceOrientationPortrait UIInterfaceOrientationLandscapeLeft UIInterfaceOrientationLandscapeRight";
				LD_RUNPATH_SEARCH_PATHS = (
					"$(inherited)",
					"@executable_path/Frameworks",
				);
				MARKETING_VERSION = 1.0;
				PRODUCT_BUNDLE_IDENTIFIER = "br.com.filipi.Amparo-App";
				PRODUCT_NAME = "$(TARGET_NAME)";
				STRING_CATALOG_GENERATE_SYMBOLS = YES;
				SWIFT_APPROACHABLE_CONCURRENCY = YES;
				SWIFT_DEFAULT_ACTOR_ISOLATION = MainActor;
				SWIFT_EMIT_LOC_STRINGS = YES;
				SWIFT_UPCOMING_FEATURE_MEMBER_IMPORT_VISIBILITY = YES;
				SWIFT_VERSION = 5.0;
				TARGETED_DEVICE_FAMILY = "1,2";
			};
			name = Release;
		};
		CC90F8042FE1F6BA00200DB8 /* Debug */ = {
			isa = XCBuildConfiguration;
			buildSettings = {
				BUNDLE_LOADER = "$(TEST_HOST)";
				CODE_SIGN_STYLE = Automatic;
				CURRENT_PROJECT_VERSION = 1;
				DEVELOPMENT_TEAM = 2XBHGB4LG5;
				GENERATE_INFOPLIST_FILE = YES;
				IPHONEOS_DEPLOYMENT_TARGET = 26.2;
				MARKETING_VERSION = 1.0;
				PRODUCT_BUNDLE_IDENTIFIER = "br.com.filipi.Amparo-AppTests";
				PRODUCT_NAME = "$(TARGET_NAME)";
				STRING_CATALOG_GENERATE_SYMBOLS = NO;
				SWIFT_APPROACHABLE_CONCURRENCY = YES;
				SWIFT_EMIT_LOC_STRINGS = NO;
				SWIFT_UPCOMING_FEATURE_MEMBER_IMPORT_VISIBILITY = YES;
				SWIFT_VERSION = 5.0;
				TARGETED_DEVICE_FAMILY = "1,2";
				TEST_HOST = "$(BUILT_PRODUCTS_DIR)/Amparo-App.app/$(BUNDLE_EXECUTABLE_FOLDER_PATH)/Amparo-App";
			};
			name = Debug;
		};
		CC90F8052FE1F6BA00200DB8 /* Release */ = {
			isa = XCBuildConfiguration;
			buildSettings = {
				BUNDLE_LOADER = "$(TEST_HOST)";
				CODE_SIGN_STYLE = Automatic;
				CURRENT_PROJECT_VERSION = 1;
				DEVELOPMENT_TEAM = 2XBHGB4LG5;
				GENERATE_INFOPLIST_FILE = YES;
				IPHONEOS_DEPLOYMENT_TARGET = 26.2;
				MARKETING_VERSION = 1.0;
				PRODUCT_BUNDLE_IDENTIFIER = "br.com.filipi.Amparo-AppTests";
				PRODUCT_NAME = "$(TARGET_NAME)";
				STRING_CATALOG_GENERATE_SYMBOLS = NO;
				SWIFT_APPROACHABLE_CONCURRENCY = YES;
				SWIFT_EMIT_LOC_STRINGS = NO;
				SWIFT_UPCOMING_FEATURE_MEMBER_IMPORT_VISIBILITY = YES;
				SWIFT_VERSION = 5.0;
				TARGETED_DEVICE_FAMILY = "1,2";
				TEST_HOST = "$(BUILT_PRODUCTS_DIR)/Amparo-App.app/$(BUNDLE_EXECUTABLE_FOLDER_PATH)/Amparo-App";
			};
			name = Release;
		};
		CC90F8072FE1F6BA00200DB8 /* Debug */ = {
			isa = XCBuildConfiguration;
			buildSettings = {
				CODE_SIGN_STYLE = Automatic;
				CURRENT_PROJECT_VERSION = 1;
				DEVELOPMENT_TEAM = 2XBHGB4LG5;
				GENERATE_INFOPLIST_FILE = YES;
				MARKETING_VERSION = 1.0;
				PRODUCT_BUNDLE_IDENTIFIER = "br.com.filipi.Amparo-AppUITests";
				PRODUCT_NAME = "$(TARGET_NAME)";
				STRING_CATALOG_GENERATE_SYMBOLS = NO;
				SWIFT_APPROACHABLE_CONCURRENCY = YES;
				SWIFT_EMIT_LOC_STRINGS = NO;
				SWIFT_UPCOMING_FEATURE_MEMBER_IMPORT_VISIBILITY = YES;
				SWIFT_VERSION = 5.0;
				TARGETED_DEVICE_FAMILY = "1,2";
				TEST_TARGET_NAME = "Amparo-App";
			};
			name = Debug;
		};
		CC90F8082FE1F6BA00200DB8 /* Release */ = {
			isa = XCBuildConfiguration;
			buildSettings = {
				CODE_SIGN_STYLE = Automatic;
				CURRENT_PROJECT_VERSION = 1;
				DEVELOPMENT_TEAM = 2XBHGB4LG5;
				GENERATE_INFOPLIST_FILE = YES;
				MARKETING_VERSION = 1.0;
				PRODUCT_BUNDLE_IDENTIFIER = "br.com.filipi.Amparo-AppUITests";
				PRODUCT_NAME = "$(TARGET_NAME)";
				STRING_CATALOG_GENERATE_SYMBOLS = NO;
				SWIFT_APPROACHABLE_CONCURRENCY = YES;
				SWIFT_EMIT_LOC_STRINGS = NO;
				SWIFT_UPCOMING_FEATURE_MEMBER_IMPORT_VISIBILITY = YES;
				SWIFT_VERSION = 5.0;
				TARGETED_DEVICE_FAMILY = "1,2";
				TEST_TARGET_NAME = "Amparo-App";
			};
			name = Release;
		};
/* End XCBuildConfiguration section */

/* Begin XCConfigurationList section */
		CC90F7DA2FE1F6B900200DB8 /* Build configuration list for PBXProject "Amparo-App" */ = {
			isa = XCConfigurationList;
			buildConfigurations = (
				CC90F7FE2FE1F6BA00200DB8 /* Debug */,
				CC90F7FF2FE1F6BA00200DB8 /* Release */,
			);
			defaultConfigurationIsVisible = 0;
			defaultConfigurationName = Release;
		};
		CC90F8002FE1F6BA00200DB8 /* Build configuration list for PBXNativeTarget "Amparo-App" */ = {
			isa = XCConfigurationList;
			buildConfigurations = (
				CC90F8012FE1F6BA00200DB8 /* Debug */,
				CC90F8022FE1F6BA00200DB8 /* Release */,
			);
			defaultConfigurationIsVisible = 0;
			defaultConfigurationName = Release;
		};
		CC90F8032FE1F6BA00200DB8 /* Build configuration list for PBXNativeTarget "Amparo-AppTests" */ = {
			isa = XCConfigurationList;
			buildConfigurations = (
				CC90F8042FE1F6BA00200DB8 /* Debug */,
				CC90F8052FE1F6BA00200DB8 /* Release */,
			);
			defaultConfigurationIsVisible = 0;
			defaultConfigurationName = Release;
		};
		CC90F8062FE1F6BA00200DB8 /* Build configuration list for PBXNativeTarget "Amparo-AppUITests" */ = {
			isa = XCConfigurationList;
			buildConfigurations = (
				CC90F8072FE1F6BA00200DB8 /* Debug */,
				CC90F8082FE1F6BA00200DB8 /* Release */,
			);
			defaultConfigurationIsVisible = 0;
			defaultConfigurationName = Release;
		};
/* End XCConfigurationList section */

/* Begin XCRemoteSwiftPackageReference section */
		CC90F8912FE1FA4C00200DB8 /* XCRemoteSwiftPackageReference "supabase-swift" */ = {
			isa = XCRemoteSwiftPackageReference;
			repositoryURL = "https://github.com/supabase/supabase-swift";
			requirement = {
				kind = upToNextMajorVersion;
				minimumVersion = 2.5.1;
			};
		};
/* End XCRemoteSwiftPackageReference section */

/* Begin XCSwiftPackageProductDependency section */
		CC90F8922FE1FA4C00200DB8 /* Supabase */ = {
			isa = XCSwiftPackageProductDependency;
			package = CC90F8912FE1FA4C00200DB8 /* XCRemoteSwiftPackageReference "supabase-swift" */;
			productName = Supabase;
		};
/* End XCSwiftPackageProductDependency section */
	};
	rootObject = CC90F7D72FE1F6B900200DB8 /* Project object */;
}
